
Microsoft Visual Studio Solution File, Format Version 12.00
# Visual Studio 15
VisualStudioVersion = 15.0.27703.2042
MinimumVisualStudioVersion = 10.0.40219.1
Project("{FAE04EC0-301F-11D3-BF4B-00C04F79EFBC}") = "XForms.Android", "XForms\XForms.Android\XForms.Android.csproj", "{F8D26BA1-3FD2-405C-A300-4B8BD6170F96}"
EndProject
Project("{FAE04EC0-301F-11D3-BF4B-00C04F79EFBC}") = "XForms.iOS", "XForms\XForms.iOS\XForms.iOS.csproj", "{90A2E3A1-38C0-475F-8E18-80ADE00BA701}"
EndProject
Project("{FAE04EC0-301F-11D3-BF4B-00C04F79EFBC}") = "XForms.UWP", "XForms\XForms.UWP\XForms.UWP.csproj", "{D84E8902-38D8-4FF6-844B-1D64C99EC336}"
EndProject
Project("{FAE04EC0-301F-11D3-BF4B-00C04F79EFBC}") = "XForms", "XForms\XForms\XForms.csproj", "{3401523B-1B47-450F-AB31-47D858E3C298}"
EndProject
Global
	GlobalSection(SolutionConfigurationPlatforms) = preSolution
		Ad-Hoc|Any CPU = Ad-Hoc|Any CPU
		Ad-Hoc|ARM = Ad-Hoc|ARM
		Ad-Hoc|iPhone = Ad-Hoc|iPhone
		Ad-Hoc|iPhoneSimulator = Ad-Hoc|iPhoneSimulator
		Ad-Hoc|x64 = Ad-Hoc|x64
		Ad-Hoc|x86 = Ad-Hoc|x86
		AppStore|Any CPU = AppStore|Any CPU
		AppStore|ARM = AppStore|ARM
		AppStore|iPhone = AppStore|iPhone
		AppStore|iPhoneSimulator = AppStore|iPhoneSimulator
		AppStore|x64 = AppStore|x64
		AppStore|x86 = AppStore|x86
		Debug|Any CPU = Debug|Any CPU
		Debug|ARM = Debug|ARM
		Debug|iPhone = Debug|iPhone
		Debug|iPhoneSimulator = Debug|iPhoneSimulator
		Debug|x64 = Debug|x64
		Debug|x86 = Debug|x86
		Release|Any CPU = Release|Any CPU
		Release|ARM = Release|ARM
		Release|iPhone = Release|iPhone
		Release|iPhoneSimulator = Release|iPhoneSimulator
		Release|x64 = Release|x64
		Release|x86 = Release|x86
	EndGlobalSection
	GlobalSection(ProjectConfigurationPlatforms) = postSolution
		{F8D26BA1-3FD2-405C-A300-4B8BD6170F96}.Ad-Hoc|Any CPU.ActiveCfg = Release|Any CPU
		{F8D26BA1-3FD2-405C-A300-4B8BD6170F96}.Ad-Hoc|Any CPU.Build.0 = Release|Any CPU
		{F8D26BA1-3FD2-405C-A300-4B8BD6170F96}.Ad-Hoc|Any CPU.Deploy.0 = Release|Any CPU
		{F8D26BA1-3FD2-405C-A300-4B8BD6170F96}.Ad-Hoc|ARM.ActiveCfg = Release|Any CPU
		{F8D26BA1-3FD2-405C-A300-4B8BD6170F96}.Ad-Hoc|ARM.Build.0 = Release|Any CPU
		{F8D26BA1-3FD2-405C-A300-4B8BD6170F96}.Ad-Hoc|ARM.Deploy.0 = Release|Any CPU
		{F8D26BA1-3FD2-405C-A300-4B8BD6170F96}.Ad-Hoc|iPhone.ActiveCfg = Release|Any CPU
		{F8D26BA1-3FD2-405C-A300-4B8BD6170F96}.Ad-Hoc|iPhone.Build.0 = Release|Any CPU
		{F8D26BA1-3FD2-405C-A300-4B8BD6170F96}.Ad-Hoc|iPhone.Deploy.0 = Release|Any CPU
		{F8D26BA1-3FD2-405C-A300-4B8BD6170F96}.Ad-Hoc|iPhoneSimulator.ActiveCfg = Release|Any CPU
		{F8D26BA1-3FD2-405C-A300-4B8BD6170F96}.Ad-Hoc|iPhoneSimulator.Build.0 = Release|Any CPU
		{F8D26BA1-3FD2-405C-A300-4B8BD6170F96}.Ad-Hoc|iPhoneSimulator.Deploy.0 = Release|Any CPU
		{F8D26BA1-3FD2-405C-A300-4B8BD6170F96}.Ad-Hoc|x64.ActiveCfg = Release|Any CPU
		{F8D26BA1-3FD2-405C-A300-4B8BD6170F96}.Ad-Hoc|x64.Build.0 = Release|Any CPU
		{F8D26BA1-3FD2-405C-A300-4B8BD6170F96}.Ad-Hoc|x64.Deploy.0 = Release|Any CPU
		{F8D26BA1-3FD2-405C-A300-4B8BD6170F96}.Ad-Hoc|x86.ActiveCfg = Release|Any CPU
		{F8D26BA1-3FD2-405C-A300-4B8BD6170F96}.Ad-Hoc|x86.Build.0 = Release|Any CPU
		{F8D26BA1-3FD2-405C-A300-4B8BD6170F96}.Ad-Hoc|x86.Deploy.0 = Release|Any CPU
		{F8D26BA1-3FD2-405C-A300-4B8BD6170F96}.AppStore|Any CPU.ActiveCfg = Release|Any CPU
		{F8D26BA1-3FD2-405C-A300-4B8BD6170F96}.AppStore|Any CPU.Build.0 = Release|Any CPU
		{F8D26BA1-3FD2-405C-A300-4B8BD6170F96}.AppStore|Any CPU.Deploy.0 = Release|Any CPU
		{F8D26BA1-3FD2-405C-A300-4B8BD6170F96}.AppStore|ARM.ActiveCfg = Release|Any CPU
		{F8D26BA1-3FD2-405C-A300-4B8BD6170F96}.AppStore|ARM.Build.0 = Release|Any CPU
		{F8D26BA1-3FD2-405C-A300-4B8BD6170F96}.AppStore|ARM.Deploy.0 = Release|Any CPU
		{F8D26BA1-3FD2-405C-A300-4B8BD6170F96}.AppStore|iPhone.ActiveCfg = Release|Any CPU
		{F8D26BA1-3FD2-405C-A300-4B8BD6170F96}.AppStore|iPhone.Build.0 = Release|Any CPU
		{F8D26BA1-3FD2-405C-A300-4B8BD6170F96}.AppStore|iPhone.Deploy.0 = Release|Any CPU
		{F8D26BA1-3FD2-405C-A300-4B8BD6170F96}.AppStore|iPhoneSimulator.ActiveCfg = Release|Any CPU
		{F8D26BA1-3FD2-405C-A300-4B8BD6170F96}.AppStore|iPhoneSimulator.Build.0 = Release|Any CPU
		{F8D26BA1-3FD2-405C-A300-4B8BD6170F96}.AppStore|iPhoneSimulator.Deploy.0 = Release|Any CPU
		{F8D26BA1-3FD2-405C-A300-4B8BD6170F96}.AppStore|x64.ActiveCfg = Release|Any CPU
		{F8D26BA1-3FD2-405C-A300-4B8BD6170F96}.AppStore|x64.Build.0 = Release|Any CPU
		{F8D26BA1-3FD2-405C-A300-4B8BD6170F96}.AppStore|x64.Deploy.0 = Release|Any CPU
		{F8D26BA1-3FD2-405C-A300-4B8BD6170F96}.AppStore|x86.ActiveCfg = Release|Any CPU
		{F8D26BA1-3FD2-405C-A300-4B8BD6170F96}.AppStore|x86.Build.0 = Release|Any CPU
		{F8D26BA1-3FD2-405C-A300-4B8BD6170F96}.AppStore|x86.Deploy.0 = Release|Any CPU
		{F8D26BA1-3FD2-405C-A300-4B8BD6170F96}.Debug|Any CPU.ActiveCfg = Debug|Any CPU
		{F8D26BA1-3FD2-405C-A300-4B8BD6170F96}.Debug|Any CPU.Build.0 = Debug|Any CPU
		{F8D26BA1-3FD2-405C-A300-4B8BD6170F96}.Debug|Any CPU.Deploy.0 = Debug|Any CPU
		{F8D26BA1-3FD2-405C-A300-4B8BD6170F96}.Debug|ARM.ActiveCfg = Debug|Any CPU
		{F8D26BA1-3FD2-405C-A300-4B8BD6170F96}.Debug|ARM.Build.0 = Debug|Any CPU
		{F8D26BA1-3FD2-405C-A300-4B8BD6170F96}.Debug|ARM.Deploy.0 = Debug|Any CPU
		{F8D26BA1-3FD2-405C-A300-4B8BD6170F96}.Debug|iPhone.ActiveCfg = Debug|Any CPU
		{F8D26BA1-3FD2-405C-A300-4B8BD6170F96}.Debug|iPhone.Build.0 = Debug|Any CPU
		{F8D26BA1-3FD2-405C-A300-4B8BD6170F96}.Debug|iPhone.Deploy.0 = Debug|Any CPU
		{F8D26BA1-3FD2-405C-A300-4B8BD6170F96}.Debug|iPhoneSimulator.ActiveCfg = Debug|Any CPU
		{F8D26BA1-3FD2-405C-A300-4B8BD6170F96}.Debug|iPhoneSimulator.Build.0 = Debug|Any CPU
		{F8D26BA1-3FD2-405C-A300-4B8BD6170F96}.Debug|iPhoneSimulator.Deploy.0 = Debug|Any CPU
		{F8D26BA1-3FD2-405C-A300-4B8BD6170F96}.Debug|x64.ActiveCfg = Debug|Any CPU
		{F8D26BA1-3FD2-405C-A300-4B8BD6170F96}.Debug|x64.Build.0 = Debug|Any CPU
		{F8D26BA1-3FD2-405C-A300-4B8BD6170F96}.Debug|x64.Deploy.0 = Debug|Any CPU
		{F8D26BA1-3FD2-405C-A300-4B8BD6170F96}.Debug|x86.ActiveCfg = Debug|Any CPU
		{F8D26BA1-3FD2-405C-A300-4B8BD6170F96}.Debug|x86.Build.0 = Debug|Any CPU
		{F8D26BA1-3FD2-405C-A300-4B8BD6170F96}.Debug|x86.Deploy.0 = Debug|Any CPU
		{F8D26BA1-3FD2-405C-A300-4B8BD6170F96}.Release|Any CPU.ActiveCfg = Release|Any CPU
		{F8D26BA1-3FD2-405C-A300-4B8BD6170F96}.Release|Any CPU.Build.0 = Release|Any CPU
		{F8D26BA1-3FD2-405C-A300-4B8BD6170F96}.Release|Any CPU.Deploy.0 = Release|Any CPU
		{F8D26BA1-3FD2-405C-A300-4B8BD6170F96}.Release|ARM.ActiveCfg = Release|Any CPU
		{F8D26BA1-3FD2-405C-A300-4B8BD6170F96}.Release|ARM.Build.0 = Release|Any CPU
		{F8D26BA1-3FD2-405C-A300-4B8BD6170F96}.Release|ARM.Deploy.0 = Release|Any CPU
		{F8D26BA1-3FD2-405C-A300-4B8BD6170F96}.Release|iPhone.ActiveCfg = Release|Any CPU
		{F8D26BA1-3FD2-405C-A300-4B8BD6170F96}.Release|iPhone.Build.0 = Release|Any CPU
		{F8D26BA1-3FD2-405C-A300-4B8BD6170F96}.Release|iPhone.Deploy.0 = Release|Any CPU
		{F8D26BA1-3FD2-405C-A300-4B8BD6170F96}.Release|iPhoneSimulator.ActiveCfg = Release|Any CPU
		{F8D26BA1-3FD2-405C-A300-4B8BD6170F96}.Release|iPhoneSimulator.Build.0 = Release|Any CPU
		{F8D26BA1-3FD2-405C-A300-4B8BD6170F96}.Release|iPhoneSimulator.Deploy.0 = Release|Any CPU
		{F8D26BA1-3FD2-405C-A300-4B8BD6170F96}.Release|x64.ActiveCfg = Release|Any CPU
		{F8D26BA1-3FD2-405C-A300-4B8BD6170F96}.Release|x64.Build.0 = Release|Any CPU
		{F8D26BA1-3FD2-405C-A300-4B8BD6170F96}.Release|x64.Deploy.0 = Release|Any CPU
		{F8D26BA1-3FD2-405C-A300-4B8BD6170F96}.Release|x86.ActiveCfg = Release|Any CPU
		{F8D26BA1-3FD2-405C-A300-4B8BD6170F96}.Release|x86.Build.0 = Release|Any CPU
		{F8D26BA1-3FD2-405C-A300-4B8BD6170F96}.Release|x86.Deploy.0 = Release|Any CPU
		{90A2E3A1-38C0-475F-8E18-80ADE00BA701}.Ad-Hoc|Any CPU.ActiveCfg = Ad-Hoc|iPhone
		{90A2E3A1-38C0-475F-8E18-80ADE00BA701}.Ad-Hoc|Any CPU.Build.0 = Ad-Hoc|iPhone
		{90A2E3A1-38C0-475F-8E18-80ADE00BA701}.Ad-Hoc|Any CPU.Deploy.0 = Ad-Hoc|iPhone
		{90A2E3A1-38C0-475F-8E18-80ADE00BA701}.Ad-Hoc|ARM.ActiveCfg = Ad-Hoc|iPhone
		{90A2E3A1-38C0-475F-8E18-80ADE00BA701}.Ad-Hoc|ARM.Build.0 = Ad-Hoc|iPhone
		{90A2E3A1-38C0-475F-8E18-80ADE00BA701}.Ad-Hoc|ARM.Deploy.0 = Ad-Hoc|iPhone
		{90A2E3A1-38C0-475F-8E18-80ADE00BA701}.Ad-Hoc|iPhone.ActiveCfg = Ad-Hoc|iPhone
		{90A2E3A1-38C0-475F-8E18-80ADE00BA701}.Ad-Hoc|iPhone.Build.0 = Ad-Hoc|iPhone
		{90A2E3A1-38C0-475F-8E18-80ADE00BA701}.Ad-Hoc|iPhone.Deploy.0 = Ad-Hoc|iPhone
		{90A2E3A1-38C0-475F-8E18-80ADE00BA701}.Ad-Hoc|iPhoneSimulator.ActiveCfg = Ad-Hoc|iPhoneSimulator
		{90A2E3A1-38C0-475F-8E18-80ADE00BA701}.Ad-Hoc|iPhoneSimulator.Build.0 = Ad-Hoc|iPhoneSimulator
		{90A2E3A1-38C0-475F-8E18-80ADE00BA701}.Ad-Hoc|iPhoneSimulator.Deploy.0 = Ad-Hoc|iPhoneSimulator
		{90A2E3A1-38C0-475F-8E18-80ADE00BA701}.Ad-Hoc|x64.ActiveCfg = Ad-Hoc|iPhone
		{90A2E3A1-38C0-475F-8E18-80ADE00BA701}.Ad-Hoc|x64.Build.0 = Ad-Hoc|iPhone
		{90A2E3A1-38C0-475F-8E18-80ADE00BA701}.Ad-Hoc|x64.Deploy.0 = Ad-Hoc|iPhone
		{90A2E3A1-38C0-475F-8E18-80ADE00BA701}.Ad-Hoc|x86.ActiveCfg = Ad-Hoc|iPhone
		{90A2E3A1-38C0-475F-8E18-80ADE00BA701}.Ad-Hoc|x86.Build.0 = Ad-Hoc|iPhone
		{90A2E3A1-38C0-475F-8E18-80ADE00BA701}.Ad-Hoc|x86.Deploy.0 = Ad-Hoc|iPhone
		{90A2E3A1-38C0-475F-8E18-80ADE00BA701}.AppStore|Any CPU.ActiveCfg = AppStore|iPhone
		{90A2E3A1-38C0-475F-8E18-80ADE00BA701}.AppStore|Any CPU.Build.0 = AppStore|iPhone
		{90A2E3A1-38C0-475F-8E18-80ADE00BA701}.AppStore|Any CPU.Deploy.0 = AppStore|iPhone
		{90A2E3A1-38C0-475F-8E18-80ADE00BA701}.AppStore|ARM.ActiveCfg = AppStore|iPhone
		{90A2E3A1-38C0-475F-8E18-80ADE00BA701}.AppStore|ARM.Build.0 = AppStore|iPhone
		{90A2E3A1-38C0-475F-8E18-80ADE00BA701}.AppStore|ARM.Deploy.0 = AppStore|iPhone
		{90A2E3A1-38C0-475F-8E18-80ADE00BA701}.AppStore|iPhone.ActiveCfg = AppStore|iPhone
		{90A2E3A1-38C0-475F-8E18-80ADE00BA701}.AppStore|iPhone.Build.0 = AppStore|iPhone
		{90A2E3A1-38C0-475F-8E18-80ADE00BA701}.AppStore|iPhone.Deploy.0 = AppStore|iPhone
		{90A2E3A1-38C0-475F-8E18-80ADE00BA701}.AppStore|iPhoneSimulator.ActiveCfg = AppStore|iPhoneSimulator
		{90A2E3A1-38C0-475F-8E18-80ADE00BA701}.AppStore|iPhoneSimulator.Build.0 = AppStore|iPhoneSimulator
		{90A2E3A1-38C0-475F-8E18-80ADE00BA701}.AppStore|iPhoneSimulator.Deploy.0 = AppStore|iPhoneSimulator
		{90A2E3A1-38C0-475F-8E18-80ADE00BA701}.AppStore|x64.ActiveCfg = AppStore|iPhone
		{90A2E3A1-38C0-475F-8E18-80ADE00BA701}.AppStore|x64.Build.0 = AppStore|iPhone
		{90A2E3A1-38C0-475F-8E18-80ADE00BA701}.AppStore|x64.Deploy.0 = AppStore|iPhone
		{90A2E3A1-38C0-475F-8E18-80ADE00BA701}.AppStore|x86.ActiveCfg = AppStore|iPhone
		{90A2E3A1-38C0-475F-8E18-80ADE00BA701}.AppStore|x86.Build.0 = AppStore|iPhone
		{90A2E3A1-38C0-475F-8E18-80ADE00BA701}.AppStore|x86.Deploy.0 = AppStore|iPhone
		{90A2E3A1-38C0-475F-8E18-80ADE00BA701}.Debug|Any CPU.ActiveCfg = Debug|iPhoneSimulator
		{90A2E3A1-38C0-475F-8E18-80ADE00BA701}.Debug|Any CPU.Build.0 = Debug|iPhoneSimulator
		{90A2E3A1-38C0-475F-8E18-80ADE00BA701}.Debug|Any CPU.Deploy.0 = Debug|iPhoneSimulator
		{90A2E3A1-38C0-475F-8E18-80ADE00BA701}.Debug|ARM.ActiveCfg = Debug|iPhone
		{90A2E3A1-38C0-475F-8E18-80ADE00BA701}.Debug|ARM.Build.0 = Debug|iPhone
		{90A2E3A1-38C0-475F-8E18-80ADE00BA701}.Debug|ARM.Deploy.0 = Debug|iPhone
		{90A2E3A1-38C0-475F-8E18-80ADE00BA701}.Debug|iPhone.ActiveCfg = Debug|iPhone
		{90A2E3A1-38C0-475F-8E18-80ADE00BA701}.Debug|iPhone.Build.0 = Debug|iPhone
		{90A2E3A1-38C0-475F-8E18-80ADE00BA701}.Debug|iPhone.Deploy.0 = Debug|iPhone
		{90A2E3A1-38C0-475F-8E18-80ADE00BA701}.Debug|iPhoneSimulator.ActiveCfg = Debug|iPhoneSimulator
		{90A2E3A1-38C0-475F-8E18-80ADE00BA701}.Debug|iPhoneSimulator.Build.0 = Debug|iPhoneSimulator
		{90A2E3A1-38C0-475F-8E18-80ADE00BA701}.Debug|iPhoneSimulator.Deploy.0 = Debug|iPhoneSimulator
		{90A2E3A1-38C0-475F-8E18-80ADE00BA701}.Debug|x64.ActiveCfg = Debug|iPhone
		{90A2E3A1-38C0-475F-8E18-80ADE00BA701}.Debug|x64.Build.0 = Debug|iPhone
		{90A2E3A1-38C0-475F-8E18-80ADE00BA701}.Debug|x64.Deploy.0 = Debug|iPhone
		{90A2E3A1-38C0-475F-8E18-80ADE00BA701}.Debug|x86.ActiveCfg = Debug|iPhone
		{90A2E3A1-38C0-475F-8E18-80ADE00BA701}.Debug|x86.Build.0 = Debug|iPhone
		{90A2E3A1-38C0-475F-8E18-80ADE00BA701}.Debug|x86.Deploy.0 = Debug|iPhone
		{90A2E3A1-38C0-475F-8E18-80ADE00BA701}.Release|Any CPU.ActiveCfg = Release|iPhone
		{90A2E3A1-38C0-475F-8E18-80ADE00BA701}.Release|Any CPU.Build.0 = Release|iPhone
		{90A2E3A1-38C0-475F-8E18-80ADE00BA701}.Release|Any CPU.Deploy.0 = Release|iPhone
		{90A2E3A1-38C0-475F-8E18-80ADE00BA701}.Release|ARM.ActiveCfg = Release|iPhone
		{90A2E3A1-38C0-475F-8E18-80ADE00BA701}.Release|ARM.Build.0 = Release|iPhone
		{90A2E3A1-38C0-475F-8E18-80ADE00BA701}.Release|ARM.Deploy.0 = Release|iPhone
		{90A2E3A1-38C0-475F-8E18-80ADE00BA701}.Release|iPhone.ActiveCfg = Release|iPhone
		{90A2E3A1-38C0-475F-8E18-80ADE00BA701}.Release|iPhone.Build.0 = Release|iPhone
		{90A2E3A1-38C0-475F-8E18-80ADE00BA701}.Release|iPhone.Deploy.0 = Release|iPhone
		{90A2E3A1-38C0-475F-8E18-80ADE00BA701}.Release|iPhoneSimulator.ActiveCfg = Release|iPhoneSimulator
		{90A2E3A1-38C0-475F-8E18-80ADE00BA701}.Release|iPhoneSimulator.Build.0 = Release|iPhoneSimulator
		{90A2E3A1-38C0-475F-8E18-80ADE00BA701}.Release|iPhoneSimulator.Deploy.0 = Release|iPhoneSimulator
		{90A2E3A1-38C0-475F-8E18-80ADE00BA701}.Release|x64.ActiveCfg = Release|iPhone
		{90A2E3A1-38C0-475F-8E18-80ADE00BA701}.Release|x64.Build.0 = Release|iPhone
		{90A2E3A1-38C0-475F-8E18-80ADE00BA701}.Release|x64.Deploy.0 = Release|iPhone
		{90A2E3A1-38C0-475F-8E18-80ADE00BA701}.Release|x86.ActiveCfg = Release|iPhone
		{90A2E3A1-38C0-475F-8E18-80ADE00BA701}.Release|x86.Build.0 = Release|iPhone
		{90A2E3A1-38C0-475F-8E18-80ADE00BA701}.Release|x86.Deploy.0 = Release|iPhone
		{D84E8902-38D8-4FF6-844B-1D64C99EC336}.Ad-Hoc|Any CPU.ActiveCfg = Release|x86
		{D84E8902-38D8-4FF6-844B-1D64C99EC336}.Ad-Hoc|Any CPU.Build.0 = Release|x86
		{D84E8902-38D8-4FF6-844B-1D64C99EC336}.Ad-Hoc|Any CPU.Deploy.0 = Release|x86
		{D84E8902-38D8-4FF6-844B-1D64C99EC336}.Ad-Hoc|ARM.ActiveCfg = Release|ARM
		{D84E8902-38D8-4FF6-844B-1D64C99EC336}.Ad-Hoc|ARM.Build.0 = Release|ARM
		{D84E8902-38D8-4FF6-844B-1D64C99EC336}.Ad-Hoc|ARM.Deploy.0 = Release|ARM
		{D84E8902-38D8-4FF6-844B-1D64C99EC336}.Ad-Hoc|iPhone.ActiveCfg = Release|x86
		{D84E8902-38D8-4FF6-844B-1D64C99EC336}.Ad-Hoc|iPhone.Build.0 = Release|x86
		{D84E8902-38D8-4FF6-844B-1D64C99EC336}.Ad-Hoc|iPhone.Deploy.0 = Release|x86
		{D84E8902-38D8-4FF6-844B-1D64C99EC336}.Ad-Hoc|iPhoneSimulator.ActiveCfg = Release|x86
		{D84E8902-38D8-4FF6-844B-1D64C99EC336}.Ad-Hoc|iPhoneSimulator.Build.0 = Release|x86
		{D84E8902-38D8-4FF6-844B-1D64C99EC336}.Ad-Hoc|iPhoneSimulator.Deploy.0 = Release|x86
		{D84E8902-38D8-4FF6-844B-1D64C99EC336}.Ad-Hoc|x64.ActiveCfg = Release|x64
		{D84E8902-38D8-4FF6-844B-1D64C99EC336}.Ad-Hoc|x64.Build.0 = Release|x64
		{D84E8902-38D8-4FF6-844B-1D64C99EC336}.Ad-Hoc|x64.Deploy.0 = Release|x64
		{D84E8902-38D8-4FF6-844B-1D64C99EC336}.Ad-Hoc|x86.ActiveCfg = Release|x86
		{D84E8902-38D8-4FF6-844B-1D64C99EC336}.Ad-Hoc|x86.Build.0 = Release|x86
		{D84E8902-38D8-4FF6-844B-1D64C99EC336}.Ad-Hoc|x86.Deploy.0 = Release|x86
		{D84E8902-38D8-4FF6-844B-1D64C99EC336}.AppStore|Any CPU.ActiveCfg = Release|x86
		{D84E8902-38D8-4FF6-844B-1D64C99EC336}.AppStore|Any CPU.Build.0 = Release|x86
		{D84E8902-38D8-4FF6-844B-1D64C99EC336}.AppStore|Any CPU.Deploy.0 = Release|x86
		{D84E8902-38D8-4FF6-844B-1D64C99EC336}.AppStore|ARM.ActiveCfg = Release|ARM
		{D84E8902-38D8-4FF6-844B-1D64C99EC336}.AppStore|ARM.Build.0 = Release|ARM
		{D84E8902-38D8-4FF6-844B-1D64C99EC336}.AppStore|ARM.Deploy.0 = Release|ARM
		{D84E8902-38D8-4FF6-844B-1D64C99EC336}.AppStore|iPhone.ActiveCfg = Release|x86
		{D84E8902-38D8-4FF6-844B-1D64C99EC336}.AppStore|iPhone.Build.0 = Release|x86
		{D84E8902-38D8-4FF6-844B-1D64C99EC336}.AppStore|iPhone.Deploy.0 = Release|x86
		{D84E8902-38D8-4FF6-844B-1D64C99EC336}.AppStore|iPhoneSimulator.ActiveCfg = Release|x86
		{D84E8902-38D8-4FF6-844B-1D64C99EC336}.AppStore|iPhoneSimulator.Build.0 = Release|x86
		{D84E8902-38D8-4FF6-844B-1D64C99EC336}.AppStore|iPhoneSimulator.Deploy.0 = Release|x86
		{D84E8902-38D8-4FF6-844B-1D64C99EC336}.AppStore|x64.ActiveCfg = Release|x64
		{D84E8902-38D8-4FF6-844B-1D64C99EC336}.AppStore|x64.Build.0 = Release|x64
		{D84E8902-38D8-4FF6-844B-1D64C99EC336}.AppStore|x64.Deploy.0 = Release|x64
		{D84E8902-38D8-4FF6-844B-1D64C99EC336}.AppStore|x86.ActiveCfg = Release|x86
		{D84E8902-38D8-4FF6-844B-1D64C99EC336}.AppStore|x86.Build.0 = Release|x86
		{D84E8902-38D8-4FF6-844B-1D64C99EC336}.AppStore|x86.Deploy.0 = Release|x86
		{D84E8902-38D8-4FF6-844B-1D64C99EC336}.Debug|Any CPU.ActiveCfg = Debug|x86
		{D84E8902-38D8-4FF6-844B-1D64C99EC336}.Debug|Any CPU.Build.0 = Debug|x86
		{D84E8902-38D8-4FF6-844B-1D64C99EC336}.Debug|Any CPU.Deploy.0 = Debug|x86
		{D84E8902-38D8-4FF6-844B-1D64C99EC336}.Debug|ARM.ActiveCfg = Debug|ARM
		{D84E8902-38D8-4FF6-844B-1D64C99EC336}.Debug|ARM.Build.0 = Debug|ARM
		{D84E8902-38D8-4FF6-844B-1D64C99EC336}.Debug|ARM.Deploy.0 = Debug|ARM
		{D84E8902-38D8-4FF6-844B-1D64C99EC336}.Debug|iPhone.ActiveCfg = Debug|x86
		{D84E8902-38D8-4FF6-844B-1D64C99EC336}.Debug|iPhone.Build.0 = Debug|x86
		{D84E8902-38D8-4FF6-844B-1D64C99EC336}.Debug|iPhone.Deploy.0 = Debug|x86
		{D84E8902-38D8-4FF6-844B-1D64C99EC336}.Debug|iPhoneSimulator.ActiveCfg = Debug|x86
		{D84E8902-38D8-4FF6-844B-1D64C99EC336}.Debug|iPhoneSimulator.Build.0 = Debug|x86
		{D84E8902-38D8-4FF6-844B-1D64C99EC336}.Debug|iPhoneSimulator.Deploy.0 = Debug|x86
		{D84E8902-38D8-4FF6-844B-1D64C99EC336}.Debug|x64.ActiveCfg = Debug|x64
		{D84E8902-38D8-4FF6-844B-1D64C99EC336}.Debug|x64.Build.0 = Debug|x64
		{D84E8902-38D8-4FF6-844B-1D64C99EC336}.Debug|x64.Deploy.0 = Debug|x64
		{D84E8902-38D8-4FF6-844B-1D64C99EC336}.Debug|x86.ActiveCfg = Debug|x86
		{D84E8902-38D8-4FF6-844B-1D64C99EC336}.Debug|x86.Build.0 = Debug|x86
		{D84E8902-38D8-4FF6-844B-1D64C99EC336}.Debug|x86.Deploy.0 = Debug|x86
		{D84E8902-38D8-4FF6-844B-1D64C99EC336}.Release|Any CPU.ActiveCfg = Release|x86
		{D84E8902-38D8-4FF6-844B-1D64C99EC336}.Release|Any CPU.Build.0 = Release|x86
		{D84E8902-38D8-4FF6-844B-1D64C99EC336}.Release|Any CPU.Deploy.0 = Release|x86
		{D84E8902-38D8-4FF6-844B-1D64C99EC336}.Release|ARM.ActiveCfg = Release|ARM
		{D84E8902-38D8-4FF6-844B-1D64C99EC336}.Release|ARM.Build.0 = Release|ARM
		{D84E8902-38D8-4FF6-844B-1D64C99EC336}.Release|ARM.Deploy.0 = Release|ARM
		{D84E8902-38D8-4FF6-844B-1D64C99EC336}.Release|iPhone.ActiveCfg = Release|x86
		{D84E8902-38D8-4FF6-844B-1D64C99EC336}.Release|iPhone.Build.0 = Release|x86
		{D84E8902-38D8-4FF6-844B-1D64C99EC336}.Release|iPhone.Deploy.0 = Release|x86
		{D84E8902-38D8-4FF6-844B-1D64C99EC336}.Release|iPhoneSimulator.ActiveCfg = Release|x86
		{D84E8902-38D8-4FF6-844B-1D64C99EC336}.Release|iPhoneSimulator.Build.0 = Release|x86
		{D84E8902-38D8-4FF6-844B-1D64C99EC336}.Release|iPhoneSimulator.Deploy.0 = Release|x86
		{D84E8902-38D8-4FF6-844B-1D64C99EC336}.Release|x64.ActiveCfg = Release|x64
		{D84E8902-38D8-4FF6-844B-1D64C99EC336}.Release|x64.Build.0 = Release|x64
		{D84E8902-38D8-4FF6-844B-1D64C99EC336}.Release|x64.Deploy.0 = Release|x64
		{D84E8902-38D8-4FF6-844B-1D64C99EC336}.Release|x86.ActiveCfg = Release|x86
		{D84E8902-38D8-4FF6-844B-1D64C99EC336}.Release|x86.Build.0 = Release|x86
		{D84E8902-38D8-4FF6-844B-1D64C99EC336}.Release|x86.Deploy.0 = Release|x86
		{3401523B-1B47-450F-AB31-47D858E3C298}.Ad-Hoc|Any CPU.ActiveCfg = Debug|Any CPU
		{3401523B-1B47-450F-AB31-47D858E3C298}.Ad-Hoc|Any CPU.Build.0 = Debug|Any CPU
		{3401523B-1B47-450F-AB31-47D858E3C298}.Ad-Hoc|Any CPU.Deploy.0 = Debug|Any CPU
		{3401523B-1B47-450F-AB31-47D858E3C298}.Ad-Hoc|ARM.ActiveCfg = Debug|Any CPU
		{3401523B-1B47-450F-AB31-47D858E3C298}.Ad-Hoc|ARM.Build.0 = Debug|Any CPU
		{3401523B-1B47-450F-AB31-47D858E3C298}.Ad-Hoc|ARM.Deploy.0 = Debug|Any CPU
		{3401523B-1B47-450F-AB31-47D858E3C298}.Ad-Hoc|iPhone.ActiveCfg = Debug|Any CPU
		{3401523B-1B47-450F-AB31-47D858E3C298}.Ad-Hoc|iPhone.Build.0 = Debug|Any CPU
		{3401523B-1B47-450F-AB31-47D858E3C298}.Ad-Hoc|iPhone.Deploy.0 = Debug|Any CPU
		{3401523B-1B47-450F-AB31-47D858E3C298}.Ad-Hoc|iPhoneSimulator.ActiveCfg = Debug|Any CPU
		{3401523B-1B47-450F-AB31-47D858E3C298}.Ad-Hoc|iPhoneSimulator.Build.0 = Debug|Any CPU
		{3401523B-1B47-450F-AB31-47D858E3C298}.Ad-Hoc|iPhoneSimulator.Deploy.0 = Debug|Any CPU
		{3401523B-1B47-450F-AB31-47D858E3C298}.Ad-Hoc|x64.ActiveCfg = Debug|Any CPU
		{3401523B-1B47-450F-AB31-47D858E3C298}.Ad-Hoc|x64.Build.0 = Debug|Any CPU
		{3401523B-1B47-450F-AB31-47D858E3C298}.Ad-Hoc|x64.Deploy.0 = Debug|Any CPU
		{3401523B-1B47-450F-AB31-47D858E3C298}.Ad-Hoc|x86.ActiveCfg = Debug|Any CPU
		{3401523B-1B47-450F-AB31-47D858E3C298}.Ad-Hoc|x86.Build.0 = Debug|Any CPU
		{3401523B-1B47-450F-AB31-47D858E3C298}.Ad-Hoc|x86.Deploy.0 = Debug|Any CPU
		{3401523B-1B47-450F-AB31-47D858E3C298}.AppStore|Any CPU.ActiveCfg = Debug|Any CPU
		{3401523B-1B47-450F-AB31-47D858E3C298}.AppStore|Any CPU.Build.0 = Debug|Any CPU
		{3401523B-1B47-450F-AB31-47D858E3C298}.AppStore|Any CPU.Deploy.0 = Debug|Any CPU
		{3401523B-1B47-450F-AB31-47D858E3C298}.AppStore|ARM.ActiveCfg = Debug|Any CPU
		{3401523B-1B47-450F-AB31-47D858E3C298}.AppStore|ARM.Build.0 = Debug|Any CPU
		{3401523B-1B47-450F-AB31-47D858E3C298}.AppStore|ARM.Deploy.0 = Debug|Any CPU
		{3401523B-1B47-450F-AB31-47D858E3C298}.AppStore|iPhone.ActiveCfg = Debug|Any CPU
		{3401523B-1B47-450F-AB31-47D858E3C298}.AppStore|iPhone.Build.0 = Debug|Any CPU
		{3401523B-1B47-450F-AB31-47D858E3C298}.AppStore|iPhone.Deploy.0 = Debug|Any CPU
		{3401523B-1B47-450F-AB31-47D858E3C298}.AppStore|iPhoneSimulator.ActiveCfg = Debug|Any CPU
		{3401523B-1B47-450F-AB31-47D858E3C298}.AppStore|iPhoneSimulator.Build.0 = Debug|Any CPU
		{3401523B-1B47-450F-AB31-47D858E3C298}.AppStore|iPhoneSimulator.Deploy.0 = Debug|Any CPU
		{3401523B-1B47-450F-AB31-47D858E3C298}.AppStore|x64.ActiveCfg = Debug|Any CPU
		{3401523B-1B47-450F-AB31-47D858E3C298}.AppStore|x64.Build.0 = Debug|Any CPU
		{3401523B-1B47-450F-AB31-47D858E3C298}.AppStore|x64.Deploy.0 = Debug|Any CPU
		{3401523B-1B47-450F-AB31-47D858E3C298}.AppStore|x86.ActiveCfg = Debug|Any CPU
		{3401523B-1B47-450F-AB31-47D858E3C298}.AppStore|x86.Build.0 = Debug|Any CPU
		{3401523B-1B47-450F-AB31-47D858E3C298}.AppStore|x86.Deploy.0 = Debug|Any CPU
		{3401523B-1B47-450F-AB31-47D858E3C298}.Debug|Any CPU.ActiveCfg = Debug|Any CPU
		{3401523B-1B47-450F-AB31-47D858E3C298}.Debug|Any CPU.Build.0 = Debug|Any CPU
		{3401523B-1B47-450F-AB31-47D858E3C298}.Debug|Any CPU.Deploy.0 = Debug|Any CPU
		{3401523B-1B47-450F-AB31-47D858E3C298}.Debug|ARM.ActiveCfg = Debug|Any CPU
		{3401523B-1B47-450F-AB31-47D858E3C298}.Debug|ARM.Build.0 = Debug|Any CPU
		{3401523B-1B47-450F-AB31-47D858E3C298}.Debug|ARM.Deploy.0 = Debug|Any CPU
		{3401523B-1B47-450F-AB31-47D858E3C298}.Debug|iPhone.ActiveCfg = Debug|Any CPU
		{3401523B-1B47-450F-AB31-47D858E3C298}.Debug|iPhone.Build.0 = Debug|Any CPU
		{3401523B-1B47-450F-AB31-47D858E3C298}.Debug|iPhone.Deploy.0 = Debug|Any CPU
		{3401523B-1B47-450F-AB31-47D858E3C298}.Debug|iPhoneSimulator.ActiveCfg = Debug|Any CPU
		{3401523B-1B47-450F-AB31-47D858E3C298}.Debug|iPhoneSimulator.Build.0 = Debug|Any CPU
		{3401523B-1B47-450F-AB31-47D858E3C298}.Debug|iPhoneSimulator.Deploy.0 = Debug|Any CPU
		{3401523B-1B47-450F-AB31-47D858E3C298}.Debug|x64.ActiveCfg = Debug|Any CPU
		{3401523B-1B47-450F-AB31-47D858E3C298}.Debug|x64.Build.0 = Debug|Any CPU
		{3401523B-1B47-450F-AB31-47D858E3C298}.Debug|x64.Deploy.0 = Debug|Any CPU
		{3401523B-1B47-450F-AB31-47D858E3C298}.Debug|x86.ActiveCfg = Debug|Any CPU
		{3401523B-1B47-450F-AB31-47D858E3C298}.Debug|x86.Build.0 = Debug|Any CPU
		{3401523B-1B47-450F-AB31-47D858E3C298}.Debug|x86.Deploy.0 = Debug|Any CPU
		{3401523B-1B47-450F-AB31-47D858E3C298}.Release|Any CPU.ActiveCfg = Release|Any CPU
		{3401523B-1B47-450F-AB31-47D858E3C298}.Release|Any CPU.Build.0 = Release|Any CPU
		{3401523B-1B47-450F-AB31-47D858E3C298}.Release|Any CPU.Deploy.0 = Release|Any CPU
		{3401523B-1B47-450F-AB31-47D858E3C298}.Release|ARM.ActiveCfg = Release|Any CPU
		{3401523B-1B47-450F-AB31-47D858E3C298}.Release|ARM.Build.0 = Release|Any CPU
		{3401523B-1B47-450F-AB31-47D858E3C298}.Release|ARM.Deploy.0 = Release|Any CPU
		{3401523B-1B47-450F-AB31-47D858E3C298}.Release|iPhone.ActiveCfg = Release|Any CPU
		{3401523B-1B47-450F-AB31-47D858E3C298}.Release|iPhone.Build.0 = Release|Any CPU
		{3401523B-1B47-450F-AB31-47D858E3C298}.Release|iPhone.Deploy.0 = Release|Any CPU
		{3401523B-1B47-450F-AB31-47D858E3C298}.Release|iPhoneSimulator.ActiveCfg = Release|Any CPU
		{3401523B-1B47-450F-AB31-47D858E3C298}.Release|iPhoneSimulator.Build.0 = Release|Any CPU
		{3401523B-1B47-450F-AB31-47D858E3C298}.Release|iPhoneSimulator.Deploy.0 = Release|Any CPU
		{3401523B-1B47-450F-AB31-47D858E3C298}.Release|x64.ActiveCfg = Release|Any CPU
		{3401523B-1B47-450F-AB31-47D858E3C298}.Release|x64.Build.0 = Release|Any CPU
		{3401523B-1B47-450F-AB31-47D858E3C298}.Release|x64.Deploy.0 = Release|Any CPU
		{3401523B-1B47-450F-AB31-47D858E3C298}.Release|x86.ActiveCfg = Release|Any CPU
		{3401523B-1B47-450F-AB31-47D858E3C298}.Release|x86.Build.0 = Release|Any CPU
		{3401523B-1B47-450F-AB31-47D858E3C298}.Release|x86.Deploy.0 = Release|Any CPU
	EndGlobalSection
	GlobalSection(SolutionProperties) = preSolution
		HideSolutionNode = FALSE
	EndGlobalSection
	GlobalSection(ExtensibilityGlobals) = postSolution
		SolutionGuid = {DF832C72-B35B-464B-A228-FB09B334409E}
	EndGlobalSection
EndGlobal
