
Microsoft Visual Studio Solution File, Format Version 12.00
# Visual Studio 15
VisualStudioVersion = 15.0.27130.2036
MinimumVisualStudioVersion = 10.0.40219.1
Project("{FAE04EC0-301F-11D3-BF4B-00C04F79EFBC}") = "HelloXamarinAndroid", "HelloXamarinAndroid\HelloXamarinAndroid.csproj", "{4091ADEE-4B27-4790-BEF0-CE0C42F0355B}"
EndProject
Project("{FAE04EC0-301F-11D3-BF4B-00C04F79EFBC}") = "HelloXamarinIOS", "HelloXamarinIOS\HelloXamarinIOS.csproj", "{3407FFAA-B7D9-4BDE-9D24-92808655D4B0}"
EndProject
Global
	GlobalSection(SolutionConfigurationPlatforms) = preSolution
		Debug|Any CPU = Debug|Any CPU
		Debug|iPhone = Debug|iPhone
		Debug|iPhoneSimulator = Debug|iPhoneSimulator
		Release|Any CPU = Release|Any CPU
		Release|iPhone = Release|iPhone
		Release|iPhoneSimulator = Release|iPhoneSimulator
	EndGlobalSection
	GlobalSection(ProjectConfigurationPlatforms) = postSolution
		{4091ADEE-4B27-4790-BEF0-CE0C42F0355B}.Debug|Any CPU.ActiveCfg = Debug|Any CPU
		{4091ADEE-4B27-4790-BEF0-CE0C42F0355B}.Debug|Any CPU.Build.0 = Debug|Any CPU
		{4091ADEE-4B27-4790-BEF0-CE0C42F0355B}.Debug|Any CPU.Deploy.0 = Debug|Any CPU
		{4091ADEE-4B27-4790-BEF0-CE0C42F0355B}.Debug|iPhone.ActiveCfg = Debug|Any CPU
		{4091ADEE-4B27-4790-BEF0-CE0C42F0355B}.Debug|iPhone.Build.0 = Debug|Any CPU
		{4091ADEE-4B27-4790-BEF0-CE0C42F0355B}.Debug|iPhone.Deploy.0 = Debug|Any CPU
		{4091ADEE-4B27-4790-BEF0-CE0C42F0355B}.Debug|iPhoneSimulator.ActiveCfg = Debug|Any CPU
		{4091ADEE-4B27-4790-BEF0-CE0C42F0355B}.Debug|iPhoneSimulator.Build.0 = Debug|Any CPU
		{4091ADEE-4B27-4790-BEF0-CE0C42F0355B}.Debug|iPhoneSimulator.Deploy.0 = Debug|Any CPU
		{4091ADEE-4B27-4790-BEF0-CE0C42F0355B}.Release|Any CPU.ActiveCfg = Release|Any CPU
		{4091ADEE-4B27-4790-BEF0-CE0C42F0355B}.Release|Any CPU.Build.0 = Release|Any CPU
		{4091ADEE-4B27-4790-BEF0-CE0C42F0355B}.Release|Any CPU.Deploy.0 = Release|Any CPU
		{4091ADEE-4B27-4790-BEF0-CE0C42F0355B}.Release|iPhone.ActiveCfg = Release|Any CPU
		{4091ADEE-4B27-4790-BEF0-CE0C42F0355B}.Release|iPhone.Build.0 = Release|Any CPU
		{4091ADEE-4B27-4790-BEF0-CE0C42F0355B}.Release|iPhone.Deploy.0 = Release|Any CPU
		{4091ADEE-4B27-4790-BEF0-CE0C42F0355B}.Release|iPhoneSimulator.ActiveCfg = Release|Any CPU
		{4091ADEE-4B27-4790-BEF0-CE0C42F0355B}.Release|iPhoneSimulator.Build.0 = Release|Any CPU
		{4091ADEE-4B27-4790-BEF0-CE0C42F0355B}.Release|iPhoneSimulator.Deploy.0 = Release|Any CPU
		{3407FFAA-B7D9-4BDE-9D24-92808655D4B0}.Debug|Any CPU.ActiveCfg = Debug|iPhone
		{3407FFAA-B7D9-4BDE-9D24-92808655D4B0}.Debug|iPhone.ActiveCfg = Debug|iPhone
		{3407FFAA-B7D9-4BDE-9D24-92808655D4B0}.Debug|iPhone.Build.0 = Debug|iPhone
		{3407FFAA-B7D9-4BDE-9D24-92808655D4B0}.Debug|iPhoneSimulator.ActiveCfg = Debug|iPhoneSimulator
		{3407FFAA-B7D9-4BDE-9D24-92808655D4B0}.Debug|iPhoneSimulator.Build.0 = Debug|iPhoneSimulator
		{3407FFAA-B7D9-4BDE-9D24-92808655D4B0}.Release|Any CPU.ActiveCfg = Release|iPhone
		{3407FFAA-B7D9-4BDE-9D24-92808655D4B0}.Release|iPhone.ActiveCfg = Release|iPhone
		{3407FFAA-B7D9-4BDE-9D24-92808655D4B0}.Release|iPhone.Build.0 = Release|iPhone
		{3407FFAA-B7D9-4BDE-9D24-92808655D4B0}.Release|iPhoneSimulator.ActiveCfg = Release|iPhoneSimulator
		{3407FFAA-B7D9-4BDE-9D24-92808655D4B0}.Release|iPhoneSimulator.Build.0 = Release|iPhoneSimulator
	EndGlobalSection
	GlobalSection(SolutionProperties) = preSolution
		HideSolutionNode = FALSE
	EndGlobalSection
	GlobalSection(ExtensibilityGlobals) = postSolution
		SolutionGuid = {0B7A12FF-22B2-4818-B5EE-399D0C6B7BA4}
	EndGlobalSection
EndGlobal
