
Microsoft Visual Studio Solution File, Format Version 12.00
# Visual Studio 15
VisualStudioVersion = 15.0.27428.2005
MinimumVisualStudioVersion = 10.0.40219.1
Project("{FAE04EC0-301F-11D3-BF4B-00C04F79EFBC}") = "XTraining.Android", "XTraining\XTraining.Android\XTraining.Android.csproj", "{D7C06BC4-0886-4492-B035-03D5C4EEE5F3}"
EndProject
Project("{FAE04EC0-301F-11D3-BF4B-00C04F79EFBC}") = "XTraining.iOS", "XTraining\XTraining.iOS\XTraining.iOS.csproj", "{76328274-3BA2-454C-A2E6-E62EED8BC7F3}"
EndProject
Project("{FAE04EC0-301F-11D3-BF4B-00C04F79EFBC}") = "XTraining.UWP", "XTraining\XTraining.UWP\XTraining.UWP.csproj", "{63481083-43D2-4B6B-936B-74D52B8E7E30}"
EndProject
Project("{FAE04EC0-301F-11D3-BF4B-00C04F79EFBC}") = "XTraining", "XTraining\XTraining\XTraining.csproj", "{CF9E49A6-FE4C-4715-B210-0817D296AAE2}"
EndProject
Global
	GlobalSection(SolutionConfigurationPlatforms) = preSolution
		Ad-Hoc|Any CPU = Ad-Hoc|Any CPU
		Ad-Hoc|ARM = Ad-Hoc|ARM
		Ad-Hoc|iPhone = Ad-Hoc|iPhone
		Ad-Hoc|iPhoneSimulator = Ad-Hoc|iPhoneSimulator
		Ad-Hoc|x64 = Ad-Hoc|x64
		Ad-Hoc|x86 = Ad-Hoc|x86
		AppStore|Any CPU = AppStore|Any CPU
		AppStore|ARM = AppStore|ARM
		AppStore|iPhone = AppStore|iPhone
		AppStore|iPhoneSimulator = AppStore|iPhoneSimulator
		AppStore|x64 = AppStore|x64
		AppStore|x86 = AppStore|x86
		Debug|Any CPU = Debug|Any CPU
		Debug|ARM = Debug|ARM
		Debug|iPhone = Debug|iPhone
		Debug|iPhoneSimulator = Debug|iPhoneSimulator
		Debug|x64 = Debug|x64
		Debug|x86 = Debug|x86
		Release|Any CPU = Release|Any CPU
		Release|ARM = Release|ARM
		Release|iPhone = Release|iPhone
		Release|iPhoneSimulator = Release|iPhoneSimulator
		Release|x64 = Release|x64
		Release|x86 = Release|x86
	EndGlobalSection
	GlobalSection(ProjectConfigurationPlatforms) = postSolution
		{D7C06BC4-0886-4492-B035-03D5C4EEE5F3}.Ad-Hoc|Any CPU.ActiveCfg = Release|Any CPU
		{D7C06BC4-0886-4492-B035-03D5C4EEE5F3}.Ad-Hoc|Any CPU.Build.0 = Release|Any CPU
		{D7C06BC4-0886-4492-B035-03D5C4EEE5F3}.Ad-Hoc|Any CPU.Deploy.0 = Release|Any CPU
		{D7C06BC4-0886-4492-B035-03D5C4EEE5F3}.Ad-Hoc|ARM.ActiveCfg = Release|Any CPU
		{D7C06BC4-0886-4492-B035-03D5C4EEE5F3}.Ad-Hoc|ARM.Build.0 = Release|Any CPU
		{D7C06BC4-0886-4492-B035-03D5C4EEE5F3}.Ad-Hoc|ARM.Deploy.0 = Release|Any CPU
		{D7C06BC4-0886-4492-B035-03D5C4EEE5F3}.Ad-Hoc|iPhone.ActiveCfg = Release|Any CPU
		{D7C06BC4-0886-4492-B035-03D5C4EEE5F3}.Ad-Hoc|iPhone.Build.0 = Release|Any CPU
		{D7C06BC4-0886-4492-B035-03D5C4EEE5F3}.Ad-Hoc|iPhone.Deploy.0 = Release|Any CPU
		{D7C06BC4-0886-4492-B035-03D5C4EEE5F3}.Ad-Hoc|iPhoneSimulator.ActiveCfg = Release|Any CPU
		{D7C06BC4-0886-4492-B035-03D5C4EEE5F3}.Ad-Hoc|iPhoneSimulator.Build.0 = Release|Any CPU
		{D7C06BC4-0886-4492-B035-03D5C4EEE5F3}.Ad-Hoc|iPhoneSimulator.Deploy.0 = Release|Any CPU
		{D7C06BC4-0886-4492-B035-03D5C4EEE5F3}.Ad-Hoc|x64.ActiveCfg = Release|Any CPU
		{D7C06BC4-0886-4492-B035-03D5C4EEE5F3}.Ad-Hoc|x64.Build.0 = Release|Any CPU
		{D7C06BC4-0886-4492-B035-03D5C4EEE5F3}.Ad-Hoc|x64.Deploy.0 = Release|Any CPU
		{D7C06BC4-0886-4492-B035-03D5C4EEE5F3}.Ad-Hoc|x86.ActiveCfg = Release|Any CPU
		{D7C06BC4-0886-4492-B035-03D5C4EEE5F3}.Ad-Hoc|x86.Build.0 = Release|Any CPU
		{D7C06BC4-0886-4492-B035-03D5C4EEE5F3}.Ad-Hoc|x86.Deploy.0 = Release|Any CPU
		{D7C06BC4-0886-4492-B035-03D5C4EEE5F3}.AppStore|Any CPU.ActiveCfg = Release|Any CPU
		{D7C06BC4-0886-4492-B035-03D5C4EEE5F3}.AppStore|Any CPU.Build.0 = Release|Any CPU
		{D7C06BC4-0886-4492-B035-03D5C4EEE5F3}.AppStore|Any CPU.Deploy.0 = Release|Any CPU
		{D7C06BC4-0886-4492-B035-03D5C4EEE5F3}.AppStore|ARM.ActiveCfg = Release|Any CPU
		{D7C06BC4-0886-4492-B035-03D5C4EEE5F3}.AppStore|ARM.Build.0 = Release|Any CPU
		{D7C06BC4-0886-4492-B035-03D5C4EEE5F3}.AppStore|ARM.Deploy.0 = Release|Any CPU
		{D7C06BC4-0886-4492-B035-03D5C4EEE5F3}.AppStore|iPhone.ActiveCfg = Release|Any CPU
		{D7C06BC4-0886-4492-B035-03D5C4EEE5F3}.AppStore|iPhone.Build.0 = Release|Any CPU
		{D7C06BC4-0886-4492-B035-03D5C4EEE5F3}.AppStore|iPhone.Deploy.0 = Release|Any CPU
		{D7C06BC4-0886-4492-B035-03D5C4EEE5F3}.AppStore|iPhoneSimulator.ActiveCfg = Release|Any CPU
		{D7C06BC4-0886-4492-B035-03D5C4EEE5F3}.AppStore|iPhoneSimulator.Build.0 = Release|Any CPU
		{D7C06BC4-0886-4492-B035-03D5C4EEE5F3}.AppStore|iPhoneSimulator.Deploy.0 = Release|Any CPU
		{D7C06BC4-0886-4492-B035-03D5C4EEE5F3}.AppStore|x64.ActiveCfg = Release|Any CPU
		{D7C06BC4-0886-4492-B035-03D5C4EEE5F3}.AppStore|x64.Build.0 = Release|Any CPU
		{D7C06BC4-0886-4492-B035-03D5C4EEE5F3}.AppStore|x64.Deploy.0 = Release|Any CPU
		{D7C06BC4-0886-4492-B035-03D5C4EEE5F3}.AppStore|x86.ActiveCfg = Release|Any CPU
		{D7C06BC4-0886-4492-B035-03D5C4EEE5F3}.AppStore|x86.Build.0 = Release|Any CPU
		{D7C06BC4-0886-4492-B035-03D5C4EEE5F3}.AppStore|x86.Deploy.0 = Release|Any CPU
		{D7C06BC4-0886-4492-B035-03D5C4EEE5F3}.Debug|Any CPU.ActiveCfg = Debug|Any CPU
		{D7C06BC4-0886-4492-B035-03D5C4EEE5F3}.Debug|Any CPU.Build.0 = Debug|Any CPU
		{D7C06BC4-0886-4492-B035-03D5C4EEE5F3}.Debug|Any CPU.Deploy.0 = Debug|Any CPU
		{D7C06BC4-0886-4492-B035-03D5C4EEE5F3}.Debug|ARM.ActiveCfg = Debug|Any CPU
		{D7C06BC4-0886-4492-B035-03D5C4EEE5F3}.Debug|ARM.Build.0 = Debug|Any CPU
		{D7C06BC4-0886-4492-B035-03D5C4EEE5F3}.Debug|ARM.Deploy.0 = Debug|Any CPU
		{D7C06BC4-0886-4492-B035-03D5C4EEE5F3}.Debug|iPhone.ActiveCfg = Debug|Any CPU
		{D7C06BC4-0886-4492-B035-03D5C4EEE5F3}.Debug|iPhone.Build.0 = Debug|Any CPU
		{D7C06BC4-0886-4492-B035-03D5C4EEE5F3}.Debug|iPhone.Deploy.0 = Debug|Any CPU
		{D7C06BC4-0886-4492-B035-03D5C4EEE5F3}.Debug|iPhoneSimulator.ActiveCfg = Debug|Any CPU
		{D7C06BC4-0886-4492-B035-03D5C4EEE5F3}.Debug|iPhoneSimulator.Build.0 = Debug|Any CPU
		{D7C06BC4-0886-4492-B035-03D5C4EEE5F3}.Debug|iPhoneSimulator.Deploy.0 = Debug|Any CPU
		{D7C06BC4-0886-4492-B035-03D5C4EEE5F3}.Debug|x64.ActiveCfg = Debug|Any CPU
		{D7C06BC4-0886-4492-B035-03D5C4EEE5F3}.Debug|x64.Build.0 = Debug|Any CPU
		{D7C06BC4-0886-4492-B035-03D5C4EEE5F3}.Debug|x64.Deploy.0 = Debug|Any CPU
		{D7C06BC4-0886-4492-B035-03D5C4EEE5F3}.Debug|x86.ActiveCfg = Debug|Any CPU
		{D7C06BC4-0886-4492-B035-03D5C4EEE5F3}.Debug|x86.Build.0 = Debug|Any CPU
		{D7C06BC4-0886-4492-B035-03D5C4EEE5F3}.Debug|x86.Deploy.0 = Debug|Any CPU
		{D7C06BC4-0886-4492-B035-03D5C4EEE5F3}.Release|Any CPU.ActiveCfg = Release|Any CPU
		{D7C06BC4-0886-4492-B035-03D5C4EEE5F3}.Release|Any CPU.Build.0 = Release|Any CPU
		{D7C06BC4-0886-4492-B035-03D5C4EEE5F3}.Release|Any CPU.Deploy.0 = Release|Any CPU
		{D7C06BC4-0886-4492-B035-03D5C4EEE5F3}.Release|ARM.ActiveCfg = Release|Any CPU
		{D7C06BC4-0886-4492-B035-03D5C4EEE5F3}.Release|ARM.Build.0 = Release|Any CPU
		{D7C06BC4-0886-4492-B035-03D5C4EEE5F3}.Release|ARM.Deploy.0 = Release|Any CPU
		{D7C06BC4-0886-4492-B035-03D5C4EEE5F3}.Release|iPhone.ActiveCfg = Release|Any CPU
		{D7C06BC4-0886-4492-B035-03D5C4EEE5F3}.Release|iPhone.Build.0 = Release|Any CPU
		{D7C06BC4-0886-4492-B035-03D5C4EEE5F3}.Release|iPhone.Deploy.0 = Release|Any CPU
		{D7C06BC4-0886-4492-B035-03D5C4EEE5F3}.Release|iPhoneSimulator.ActiveCfg = Release|Any CPU
		{D7C06BC4-0886-4492-B035-03D5C4EEE5F3}.Release|iPhoneSimulator.Build.0 = Release|Any CPU
		{D7C06BC4-0886-4492-B035-03D5C4EEE5F3}.Release|iPhoneSimulator.Deploy.0 = Release|Any CPU
		{D7C06BC4-0886-4492-B035-03D5C4EEE5F3}.Release|x64.ActiveCfg = Release|Any CPU
		{D7C06BC4-0886-4492-B035-03D5C4EEE5F3}.Release|x64.Build.0 = Release|Any CPU
		{D7C06BC4-0886-4492-B035-03D5C4EEE5F3}.Release|x64.Deploy.0 = Release|Any CPU
		{D7C06BC4-0886-4492-B035-03D5C4EEE5F3}.Release|x86.ActiveCfg = Release|Any CPU
		{D7C06BC4-0886-4492-B035-03D5C4EEE5F3}.Release|x86.Build.0 = Release|Any CPU
		{D7C06BC4-0886-4492-B035-03D5C4EEE5F3}.Release|x86.Deploy.0 = Release|Any CPU
		{76328274-3BA2-454C-A2E6-E62EED8BC7F3}.Ad-Hoc|Any CPU.ActiveCfg = Ad-Hoc|iPhone
		{76328274-3BA2-454C-A2E6-E62EED8BC7F3}.Ad-Hoc|ARM.ActiveCfg = Ad-Hoc|iPhone
		{76328274-3BA2-454C-A2E6-E62EED8BC7F3}.Ad-Hoc|iPhone.ActiveCfg = Ad-Hoc|iPhone
		{76328274-3BA2-454C-A2E6-E62EED8BC7F3}.Ad-Hoc|iPhone.Build.0 = Ad-Hoc|iPhone
		{76328274-3BA2-454C-A2E6-E62EED8BC7F3}.Ad-Hoc|iPhoneSimulator.ActiveCfg = Ad-Hoc|iPhoneSimulator
		{76328274-3BA2-454C-A2E6-E62EED8BC7F3}.Ad-Hoc|iPhoneSimulator.Build.0 = Ad-Hoc|iPhoneSimulator
		{76328274-3BA2-454C-A2E6-E62EED8BC7F3}.Ad-Hoc|x64.ActiveCfg = Ad-Hoc|iPhone
		{76328274-3BA2-454C-A2E6-E62EED8BC7F3}.Ad-Hoc|x86.ActiveCfg = Ad-Hoc|iPhone
		{76328274-3BA2-454C-A2E6-E62EED8BC7F3}.AppStore|Any CPU.ActiveCfg = AppStore|iPhone
		{76328274-3BA2-454C-A2E6-E62EED8BC7F3}.AppStore|ARM.ActiveCfg = AppStore|iPhone
		{76328274-3BA2-454C-A2E6-E62EED8BC7F3}.AppStore|iPhone.ActiveCfg = AppStore|iPhone
		{76328274-3BA2-454C-A2E6-E62EED8BC7F3}.AppStore|iPhone.Build.0 = AppStore|iPhone
		{76328274-3BA2-454C-A2E6-E62EED8BC7F3}.AppStore|iPhoneSimulator.ActiveCfg = AppStore|iPhoneSimulator
		{76328274-3BA2-454C-A2E6-E62EED8BC7F3}.AppStore|iPhoneSimulator.Build.0 = AppStore|iPhoneSimulator
		{76328274-3BA2-454C-A2E6-E62EED8BC7F3}.AppStore|x64.ActiveCfg = AppStore|iPhone
		{76328274-3BA2-454C-A2E6-E62EED8BC7F3}.AppStore|x86.ActiveCfg = AppStore|iPhone
		{76328274-3BA2-454C-A2E6-E62EED8BC7F3}.Debug|Any CPU.ActiveCfg = Debug|iPhone
		{76328274-3BA2-454C-A2E6-E62EED8BC7F3}.Debug|ARM.ActiveCfg = Debug|iPhone
		{76328274-3BA2-454C-A2E6-E62EED8BC7F3}.Debug|iPhone.ActiveCfg = Debug|iPhone
		{76328274-3BA2-454C-A2E6-E62EED8BC7F3}.Debug|iPhone.Build.0 = Debug|iPhone
		{76328274-3BA2-454C-A2E6-E62EED8BC7F3}.Debug|iPhoneSimulator.ActiveCfg = Debug|iPhoneSimulator
		{76328274-3BA2-454C-A2E6-E62EED8BC7F3}.Debug|iPhoneSimulator.Build.0 = Debug|iPhoneSimulator
		{76328274-3BA2-454C-A2E6-E62EED8BC7F3}.Debug|x64.ActiveCfg = Debug|iPhone
		{76328274-3BA2-454C-A2E6-E62EED8BC7F3}.Debug|x86.ActiveCfg = Debug|iPhone
		{76328274-3BA2-454C-A2E6-E62EED8BC7F3}.Release|Any CPU.ActiveCfg = Release|iPhone
		{76328274-3BA2-454C-A2E6-E62EED8BC7F3}.Release|ARM.ActiveCfg = Release|iPhone
		{76328274-3BA2-454C-A2E6-E62EED8BC7F3}.Release|iPhone.ActiveCfg = Release|iPhone
		{76328274-3BA2-454C-A2E6-E62EED8BC7F3}.Release|iPhone.Build.0 = Release|iPhone
		{76328274-3BA2-454C-A2E6-E62EED8BC7F3}.Release|iPhoneSimulator.ActiveCfg = Release|iPhoneSimulator
		{76328274-3BA2-454C-A2E6-E62EED8BC7F3}.Release|iPhoneSimulator.Build.0 = Release|iPhoneSimulator
		{76328274-3BA2-454C-A2E6-E62EED8BC7F3}.Release|x64.ActiveCfg = Release|iPhone
		{76328274-3BA2-454C-A2E6-E62EED8BC7F3}.Release|x86.ActiveCfg = Release|iPhone
		{63481083-43D2-4B6B-936B-74D52B8E7E30}.Ad-Hoc|Any CPU.ActiveCfg = Release|x86
		{63481083-43D2-4B6B-936B-74D52B8E7E30}.Ad-Hoc|Any CPU.Build.0 = Release|x86
		{63481083-43D2-4B6B-936B-74D52B8E7E30}.Ad-Hoc|Any CPU.Deploy.0 = Release|x86
		{63481083-43D2-4B6B-936B-74D52B8E7E30}.Ad-Hoc|ARM.ActiveCfg = Release|ARM
		{63481083-43D2-4B6B-936B-74D52B8E7E30}.Ad-Hoc|ARM.Build.0 = Release|ARM
		{63481083-43D2-4B6B-936B-74D52B8E7E30}.Ad-Hoc|ARM.Deploy.0 = Release|ARM
		{63481083-43D2-4B6B-936B-74D52B8E7E30}.Ad-Hoc|iPhone.ActiveCfg = Release|x86
		{63481083-43D2-4B6B-936B-74D52B8E7E30}.Ad-Hoc|iPhone.Build.0 = Release|x86
		{63481083-43D2-4B6B-936B-74D52B8E7E30}.Ad-Hoc|iPhone.Deploy.0 = Release|x86
		{63481083-43D2-4B6B-936B-74D52B8E7E30}.Ad-Hoc|iPhoneSimulator.ActiveCfg = Release|x86
		{63481083-43D2-4B6B-936B-74D52B8E7E30}.Ad-Hoc|iPhoneSimulator.Build.0 = Release|x86
		{63481083-43D2-4B6B-936B-74D52B8E7E30}.Ad-Hoc|iPhoneSimulator.Deploy.0 = Release|x86
		{63481083-43D2-4B6B-936B-74D52B8E7E30}.Ad-Hoc|x64.ActiveCfg = Release|x64
		{63481083-43D2-4B6B-936B-74D52B8E7E30}.Ad-Hoc|x64.Build.0 = Release|x64
		{63481083-43D2-4B6B-936B-74D52B8E7E30}.Ad-Hoc|x64.Deploy.0 = Release|x64
		{63481083-43D2-4B6B-936B-74D52B8E7E30}.Ad-Hoc|x86.ActiveCfg = Release|x86
		{63481083-43D2-4B6B-936B-74D52B8E7E30}.Ad-Hoc|x86.Build.0 = Release|x86
		{63481083-43D2-4B6B-936B-74D52B8E7E30}.Ad-Hoc|x86.Deploy.0 = Release|x86
		{63481083-43D2-4B6B-936B-74D52B8E7E30}.AppStore|Any CPU.ActiveCfg = Release|x86
		{63481083-43D2-4B6B-936B-74D52B8E7E30}.AppStore|Any CPU.Build.0 = Release|x86
		{63481083-43D2-4B6B-936B-74D52B8E7E30}.AppStore|Any CPU.Deploy.0 = Release|x86
		{63481083-43D2-4B6B-936B-74D52B8E7E30}.AppStore|ARM.ActiveCfg = Release|ARM
		{63481083-43D2-4B6B-936B-74D52B8E7E30}.AppStore|ARM.Build.0 = Release|ARM
		{63481083-43D2-4B6B-936B-74D52B8E7E30}.AppStore|ARM.Deploy.0 = Release|ARM
		{63481083-43D2-4B6B-936B-74D52B8E7E30}.AppStore|iPhone.ActiveCfg = Release|x86
		{63481083-43D2-4B6B-936B-74D52B8E7E30}.AppStore|iPhone.Build.0 = Release|x86
		{63481083-43D2-4B6B-936B-74D52B8E7E30}.AppStore|iPhone.Deploy.0 = Release|x86
		{63481083-43D2-4B6B-936B-74D52B8E7E30}.AppStore|iPhoneSimulator.ActiveCfg = Release|x86
		{63481083-43D2-4B6B-936B-74D52B8E7E30}.AppStore|iPhoneSimulator.Build.0 = Release|x86
		{63481083-43D2-4B6B-936B-74D52B8E7E30}.AppStore|iPhoneSimulator.Deploy.0 = Release|x86
		{63481083-43D2-4B6B-936B-74D52B8E7E30}.AppStore|x64.ActiveCfg = Release|x64
		{63481083-43D2-4B6B-936B-74D52B8E7E30}.AppStore|x64.Build.0 = Release|x64
		{63481083-43D2-4B6B-936B-74D52B8E7E30}.AppStore|x64.Deploy.0 = Release|x64
		{63481083-43D2-4B6B-936B-74D52B8E7E30}.AppStore|x86.ActiveCfg = Release|x86
		{63481083-43D2-4B6B-936B-74D52B8E7E30}.AppStore|x86.Build.0 = Release|x86
		{63481083-43D2-4B6B-936B-74D52B8E7E30}.AppStore|x86.Deploy.0 = Release|x86
		{63481083-43D2-4B6B-936B-74D52B8E7E30}.Debug|Any CPU.ActiveCfg = Debug|x86
		{63481083-43D2-4B6B-936B-74D52B8E7E30}.Debug|ARM.ActiveCfg = Debug|ARM
		{63481083-43D2-4B6B-936B-74D52B8E7E30}.Debug|ARM.Build.0 = Debug|ARM
		{63481083-43D2-4B6B-936B-74D52B8E7E30}.Debug|ARM.Deploy.0 = Debug|ARM
		{63481083-43D2-4B6B-936B-74D52B8E7E30}.Debug|iPhone.ActiveCfg = Debug|x86
		{63481083-43D2-4B6B-936B-74D52B8E7E30}.Debug|iPhoneSimulator.ActiveCfg = Debug|x86
		{63481083-43D2-4B6B-936B-74D52B8E7E30}.Debug|x64.ActiveCfg = Debug|x64
		{63481083-43D2-4B6B-936B-74D52B8E7E30}.Debug|x64.Build.0 = Debug|x64
		{63481083-43D2-4B6B-936B-74D52B8E7E30}.Debug|x64.Deploy.0 = Debug|x64
		{63481083-43D2-4B6B-936B-74D52B8E7E30}.Debug|x86.ActiveCfg = Debug|x86
		{63481083-43D2-4B6B-936B-74D52B8E7E30}.Debug|x86.Build.0 = Debug|x86
		{63481083-43D2-4B6B-936B-74D52B8E7E30}.Debug|x86.Deploy.0 = Debug|x86
		{63481083-43D2-4B6B-936B-74D52B8E7E30}.Release|Any CPU.ActiveCfg = Release|x86
		{63481083-43D2-4B6B-936B-74D52B8E7E30}.Release|ARM.ActiveCfg = Release|ARM
		{63481083-43D2-4B6B-936B-74D52B8E7E30}.Release|ARM.Build.0 = Release|ARM
		{63481083-43D2-4B6B-936B-74D52B8E7E30}.Release|ARM.Deploy.0 = Release|ARM
		{63481083-43D2-4B6B-936B-74D52B8E7E30}.Release|iPhone.ActiveCfg = Release|x86
		{63481083-43D2-4B6B-936B-74D52B8E7E30}.Release|iPhoneSimulator.ActiveCfg = Release|x86
		{63481083-43D2-4B6B-936B-74D52B8E7E30}.Release|x64.ActiveCfg = Release|x64
		{63481083-43D2-4B6B-936B-74D52B8E7E30}.Release|x64.Build.0 = Release|x64
		{63481083-43D2-4B6B-936B-74D52B8E7E30}.Release|x64.Deploy.0 = Release|x64
		{63481083-43D2-4B6B-936B-74D52B8E7E30}.Release|x86.ActiveCfg = Release|x86
		{63481083-43D2-4B6B-936B-74D52B8E7E30}.Release|x86.Build.0 = Release|x86
		{63481083-43D2-4B6B-936B-74D52B8E7E30}.Release|x86.Deploy.0 = Release|x86
		{CF9E49A6-FE4C-4715-B210-0817D296AAE2}.Ad-Hoc|Any CPU.ActiveCfg = Debug|Any CPU
		{CF9E49A6-FE4C-4715-B210-0817D296AAE2}.Ad-Hoc|Any CPU.Build.0 = Debug|Any CPU
		{CF9E49A6-FE4C-4715-B210-0817D296AAE2}.Ad-Hoc|ARM.ActiveCfg = Debug|Any CPU
		{CF9E49A6-FE4C-4715-B210-0817D296AAE2}.Ad-Hoc|ARM.Build.0 = Debug|Any CPU
		{CF9E49A6-FE4C-4715-B210-0817D296AAE2}.Ad-Hoc|iPhone.ActiveCfg = Debug|Any CPU
		{CF9E49A6-FE4C-4715-B210-0817D296AAE2}.Ad-Hoc|iPhone.Build.0 = Debug|Any CPU
		{CF9E49A6-FE4C-4715-B210-0817D296AAE2}.Ad-Hoc|iPhoneSimulator.ActiveCfg = Debug|Any CPU
		{CF9E49A6-FE4C-4715-B210-0817D296AAE2}.Ad-Hoc|iPhoneSimulator.Build.0 = Debug|Any CPU
		{CF9E49A6-FE4C-4715-B210-0817D296AAE2}.Ad-Hoc|x64.ActiveCfg = Debug|Any CPU
		{CF9E49A6-FE4C-4715-B210-0817D296AAE2}.Ad-Hoc|x64.Build.0 = Debug|Any CPU
		{CF9E49A6-FE4C-4715-B210-0817D296AAE2}.Ad-Hoc|x86.ActiveCfg = Debug|Any CPU
		{CF9E49A6-FE4C-4715-B210-0817D296AAE2}.Ad-Hoc|x86.Build.0 = Debug|Any CPU
		{CF9E49A6-FE4C-4715-B210-0817D296AAE2}.AppStore|Any CPU.ActiveCfg = Debug|Any CPU
		{CF9E49A6-FE4C-4715-B210-0817D296AAE2}.AppStore|Any CPU.Build.0 = Debug|Any CPU
		{CF9E49A6-FE4C-4715-B210-0817D296AAE2}.AppStore|ARM.ActiveCfg = Debug|Any CPU
		{CF9E49A6-FE4C-4715-B210-0817D296AAE2}.AppStore|ARM.Build.0 = Debug|Any CPU
		{CF9E49A6-FE4C-4715-B210-0817D296AAE2}.AppStore|iPhone.ActiveCfg = Debug|Any CPU
		{CF9E49A6-FE4C-4715-B210-0817D296AAE2}.AppStore|iPhone.Build.0 = Debug|Any CPU
		{CF9E49A6-FE4C-4715-B210-0817D296AAE2}.AppStore|iPhoneSimulator.ActiveCfg = Debug|Any CPU
		{CF9E49A6-FE4C-4715-B210-0817D296AAE2}.AppStore|iPhoneSimulator.Build.0 = Debug|Any CPU
		{CF9E49A6-FE4C-4715-B210-0817D296AAE2}.AppStore|x64.ActiveCfg = Debug|Any CPU
		{CF9E49A6-FE4C-4715-B210-0817D296AAE2}.AppStore|x64.Build.0 = Debug|Any CPU
		{CF9E49A6-FE4C-4715-B210-0817D296AAE2}.AppStore|x86.ActiveCfg = Debug|Any CPU
		{CF9E49A6-FE4C-4715-B210-0817D296AAE2}.AppStore|x86.Build.0 = Debug|Any CPU
		{CF9E49A6-FE4C-4715-B210-0817D296AAE2}.Debug|Any CPU.ActiveCfg = Debug|Any CPU
		{CF9E49A6-FE4C-4715-B210-0817D296AAE2}.Debug|Any CPU.Build.0 = Debug|Any CPU
		{CF9E49A6-FE4C-4715-B210-0817D296AAE2}.Debug|ARM.ActiveCfg = Debug|Any CPU
		{CF9E49A6-FE4C-4715-B210-0817D296AAE2}.Debug|ARM.Build.0 = Debug|Any CPU
		{CF9E49A6-FE4C-4715-B210-0817D296AAE2}.Debug|iPhone.ActiveCfg = Debug|Any CPU
		{CF9E49A6-FE4C-4715-B210-0817D296AAE2}.Debug|iPhone.Build.0 = Debug|Any CPU
		{CF9E49A6-FE4C-4715-B210-0817D296AAE2}.Debug|iPhoneSimulator.ActiveCfg = Debug|Any CPU
		{CF9E49A6-FE4C-4715-B210-0817D296AAE2}.Debug|iPhoneSimulator.Build.0 = Debug|Any CPU
		{CF9E49A6-FE4C-4715-B210-0817D296AAE2}.Debug|x64.ActiveCfg = Debug|Any CPU
		{CF9E49A6-FE4C-4715-B210-0817D296AAE2}.Debug|x64.Build.0 = Debug|Any CPU
		{CF9E49A6-FE4C-4715-B210-0817D296AAE2}.Debug|x86.ActiveCfg = Debug|Any CPU
		{CF9E49A6-FE4C-4715-B210-0817D296AAE2}.Debug|x86.Build.0 = Debug|Any CPU
		{CF9E49A6-FE4C-4715-B210-0817D296AAE2}.Release|Any CPU.ActiveCfg = Release|Any CPU
		{CF9E49A6-FE4C-4715-B210-0817D296AAE2}.Release|Any CPU.Build.0 = Release|Any CPU
		{CF9E49A6-FE4C-4715-B210-0817D296AAE2}.Release|ARM.ActiveCfg = Release|Any CPU
		{CF9E49A6-FE4C-4715-B210-0817D296AAE2}.Release|ARM.Build.0 = Release|Any CPU
		{CF9E49A6-FE4C-4715-B210-0817D296AAE2}.Release|iPhone.ActiveCfg = Release|Any CPU
		{CF9E49A6-FE4C-4715-B210-0817D296AAE2}.Release|iPhone.Build.0 = Release|Any CPU
		{CF9E49A6-FE4C-4715-B210-0817D296AAE2}.Release|iPhoneSimulator.ActiveCfg = Release|Any CPU
		{CF9E49A6-FE4C-4715-B210-0817D296AAE2}.Release|iPhoneSimulator.Build.0 = Release|Any CPU
		{CF9E49A6-FE4C-4715-B210-0817D296AAE2}.Release|x64.ActiveCfg = Release|Any CPU
		{CF9E49A6-FE4C-4715-B210-0817D296AAE2}.Release|x64.Build.0 = Release|Any CPU
		{CF9E49A6-FE4C-4715-B210-0817D296AAE2}.Release|x86.ActiveCfg = Release|Any CPU
		{CF9E49A6-FE4C-4715-B210-0817D296AAE2}.Release|x86.Build.0 = Release|Any CPU
	EndGlobalSection
	GlobalSection(SolutionProperties) = preSolution
		HideSolutionNode = FALSE
	EndGlobalSection
	GlobalSection(ExtensibilityGlobals) = postSolution
		SolutionGuid = {B9C09881-8110-400A-93B8-098D0566BBC0}
	EndGlobalSection
EndGlobal
